
Microsoft Visual Studio Solution File, Format Version 12.00
# Visual Studio Version 16
VisualStudioVersion = 16.0.32802.440
MinimumVisualStudioVersion = 10.0.40219.1
Project("{8BC9CEB8-8B4A-11D0-8D11-00A0C91BC942}") = "lecture_work_10_03", "lecture_work_10_03.vcxproj", "{296AA6E0-A543-4BB2-B42F-29F69CBEF61E}"
EndProject
Global
	GlobalSection(SolutionConfigurationPlatforms) = preSolution
		Debug|x64 = Debug|x64
		Debug|x86 = Debug|x86
		Release|x64 = Release|x64
		Release|x86 = Release|x86
	EndGlobalSection
	GlobalSection(ProjectConfigurationPlatforms) = postSolution
		{296AA6E0-A543-4BB2-B42F-29F69CBEF61E}.Debug|x64.ActiveCfg = Debug|x64
		{296AA6E0-A543-4BB2-B42F-29F69CBEF61E}.Debug|x64.Build.0 = Debug|x64
		{296AA6E0-A543-4BB2-B42F-29F69CBEF61E}.Debug|x86.ActiveCfg = Debug|Win32
		{296AA6E0-A543-4BB2-B42F-29F69CBEF61E}.Debug|x86.Build.0 = Debug|Win32
		{296AA6E0-A543-4BB2-B42F-29F69CBEF61E}.Release|x64.ActiveCfg = Release|x64
		{296AA6E0-A543-4BB2-B42F-29F69CBEF61E}.Release|x64.Build.0 = Release|x64
		{296AA6E0-A543-4BB2-B42F-29F69CBEF61E}.Release|x86.ActiveCfg = Release|Win32
		{296AA6E0-A543-4BB2-B42F-29F69CBEF61E}.Release|x86.Build.0 = Release|Win32
	EndGlobalSection
	GlobalSection(SolutionProperties) = preSolution
		HideSolutionNode = FALSE
	EndGlobalSection
	GlobalSection(ExtensibilityGlobals) = postSolution
		SolutionGuid = {09993823-232A-480D-9748-77D0020D69C0}
	EndGlobalSection
EndGlobal
